
Microsoft Visual Studio Solution File, Format Version 12.00
# Visual Studio Version 17
VisualStudioVersion = 17.11.35222.181
MinimumVisualStudioVersion = 10.0.40219.1
Project("{FAE04EC0-301F-11D3-BF4B-00C04F79EFBC}") = "CtfTask1", "CtfTask1\CtfTask1.csproj", "{1A3934FF-39CB-482D-854C-C53593CEE944}"
EndProject
Global
	GlobalSection(SolutionConfigurationPlatforms) = preSolution
		Debug|Any CPU = Debug|Any CPU
		Release|Any CPU = Release|Any CPU
	EndGlobalSection
	GlobalSection(ProjectConfigurationPlatforms) = postSolution
		{1A3934FF-39CB-482D-854C-C53593CEE944}.Debug|Any CPU.ActiveCfg = Debug|Any CPU
		{1A3934FF-39CB-482D-854C-C53593CEE944}.Debug|Any CPU.Build.0 = Debug|Any CPU
		{1A3934FF-39CB-482D-854C-C53593CEE944}.Release|Any CPU.ActiveCfg = Release|Any CPU
		{1A3934FF-39CB-482D-854C-C53593CEE944}.Release|Any CPU.Build.0 = Release|Any CPU
	EndGlobalSection
	GlobalSection(SolutionProperties) = preSolution
		HideSolutionNode = FALSE
	EndGlobalSection
	GlobalSection(ExtensibilityGlobals) = postSolution
		SolutionGuid = {F4EBA156-A12E-4259-B49C-0C60459B186F}
	EndGlobalSection
EndGlobal
